
Microsoft Visual Studio Solution File, Format Version 12.00
# Visual Studio Version 18
VisualStudioVersion = 18.9.12120.119 stable
MinimumVisualStudioVersion = 10.0.40219.1
Project("{FAE04EC0-301F-11D3-BF4B-00C04F79EFBC}") = "QuickDrop", "QuickDrop\QuickDrop.csproj", "{D5D2703D-0D17-232A-1AEA-8A3680C9447B}"
EndProject
Global
	GlobalSection(SolutionConfigurationPlatforms) = preSolution
		Debug|Any CPU = Debug|Any CPU
		Release|Any CPU = Release|Any CPU
	EndGlobalSection
	GlobalSection(ProjectConfigurationPlatforms) = postSolution
		{D5D2703D-0D17-232A-1AEA-8A3680C9447B}.Debug|Any CPU.ActiveCfg = Debug|Any CPU
		{D5D2703D-0D17-232A-1AEA-8A3680C9447B}.Debug|Any CPU.Build.0 = Debug|Any CPU
		{D5D2703D-0D17-232A-1AEA-8A3680C9447B}.Release|Any CPU.ActiveCfg = Release|Any CPU
		{D5D2703D-0D17-232A-1AEA-8A3680C9447B}.Release|Any CPU.Build.0 = Release|Any CPU
	EndGlobalSection
	GlobalSection(SolutionProperties) = preSolution
		HideSolutionNode = FALSE
	EndGlobalSection
	GlobalSection(ExtensibilityGlobals) = postSolution
		SolutionGuid = {52828509-BD36-4036-9A7A-3DA4AE47DC0D}
	EndGlobalSection
EndGlobal
